lockfileVersion: 5.4

importers:

  .:
    specifiers:
      '@babel/cli': 8.0.4
      '@babel/core': 8.0.1
      babel-plugin-tester: ^12.0.0
      npm-check-updates: 23.1.0
    devDependencies:
      '@babel/cli': 8.0.4_@babel+core@8.0.1
      '@babel/core': 8.0.1
      babel-plugin-tester: 12.0.0_@babel+core@8.0.1
      npm-check-updates: 23.1.0

packages:

  /@-xun/debug/2.0.2:
    resolution: {integrity: sha512-qGaZ4bUZJuWc+YzndcaeOudFmHu4plOcjQGdod/8gafcZY+9oHkrsZNmA1tWrEpQwJV9AJ4QkYgfpreZp9W/Hg==}
    engines: {node: ^20.18.0 || ^22.12.0 || >=23.3.0}
    dependencies:
      '@types/debug': 4.1.13
      debug: 4.4.3_supports-color@8.1.1
      supports-color: 8.1.1
      type-fest: 4.41.0
    dev: true

  /@-xun/fs/2.0.0:
    resolution: {integrity: sha512-252CZ4OJRszsbP0n+vQRrhdFyDyEzt4NqYvJ/P2Iha4dw/jtmQvAF0wYqARPDZe7uuUG6Og0uQxMUfXFO2BQ7g==}
    engines: {node: ^20.18.0 || ^22.12.0 || >=23.3.0}
    dependencies:
      type-fest: 4.41.0
    dev: true

  /@babel/cli/8.0.4_@babel+core@8.0.1:
    resolution: {integrity: sha512-mgg9G7dJw7xzx/0Sn8eWQkDpEcQrlDdEV4Y4Ii+8Oay88+lK45vNuSavRUj4g+e5Yfw4tkH4U3ObBFOMJhy4oQ==}
    engines: {node: ^22.18.0 || >=24.11.0}
    hasBin: true
    peerDependencies:
      '@babel/core': ^8.0.0
    dependencies:
      '@babel/core': 8.0.1
      '@jridgewell/trace-mapping': 0.3.31
      chokidar: 5.0.0
      commander: 14.0.3
      convert-source-map: 2.0.0
      glob: 13.0.6
      slash: 5.1.0
    dev: true

  /@babel/code-frame/8.0.0:
    resolution: {integrity: sha512-dYYg153EyN2Ekbqw2zAsbd6/JR+9N2SEoC7YV2GyyqMM7x9bLDTjBD6XBhSMLH0wtIVyJj03jWNriQhaN+eoCw==}
    engines: {node: ^22.18.0 || >=24.11.0}
    dependencies:
      '@babel/helper-validator-identifier': 8.0.4
      js-tokens: 10.0.0
    dev: true

  /@babel/compat-data/8.0.0:
    resolution: {integrity: sha512-DOjnob/cXOUgDOozCDeq/aK2p5y8dUIVdf6tNhEV1HQRd6I8aQ4f4fbtHRVEvb6lP3BGomrKHiS8ICAASSVQSw==}
    engines: {node: ^22.18.0 || >=24.11.0}
    dev: true

  /@babel/core/8.0.1:
    resolution: {integrity: sha512-5FgxM4dLQpMJHSiVATk8foW263dVHQHBVpXYiimNECVWG01f4nFyEbQixeT6Mwvg7TayREJ2gpKl3o2RoMdnqw==}
    engines: {node: ^22.18.0 || >=24.11.0}
    dependencies:
      '@babel/code-frame': 8.0.0
      '@babel/generator': 8.0.0
      '@babel/helper-compilation-targets': 8.0.0
      '@babel/helpers': 8.0.0
      '@babel/parser': 8.0.4
      '@babel/template': 8.0.0
      '@babel/traverse': 8.0.4
      '@babel/types': 8.0.4
      '@types/gensync': 1.0.5
      convert-source-map: 2.0.0
      empathic: 2.0.1
      gensync: 1.0.0-beta.2
      import-meta-resolve: 4.2.0
      json5: 2.2.3
      obug: 2.1.4
      semver: 7.8.5
    dev: true

  /@babel/generator/8.0.0:
    resolution: {integrity: sha512-NT9NrVwJsbSV6Y2FSstWa71EETOnzrjkL5/wX3D2mYHtKM+qvqB1DvR4D0Setb/gDBsHzRICifwEWMO8CnTF6g==}
    engines: {node: ^22.18.0 || >=24.11.0}
    dependencies:
      '@babel/parser': 8.0.4
      '@babel/types': 8.0.4
      '@jridgewell/gen-mapping': 0.3.13
      '@jridgewell/trace-mapping': 0.3.31
      '@types/jsesc': 2.5.1
      jsesc: 3.1.0
    dev: true

  /@babel/helper-compilation-targets/8.0.0:
    resolution: {integrity: sha512-JwculLABZvyPvyLBpwU/E/IbH2uM3mnxNtIJpxnIfb24y1PrdVxK5Dqjle4DpgqpGRnwgC7G8IkzPdSXZrO1Ew==}
    engines: {node: ^22.18.0 || >=24.11.0}
    dependencies:
      '@babel/compat-data': 8.0.0
      '@babel/helper-validator-option': 8.0.0
      browserslist: 4.28.8
      lru-cache: 11.5.2
      semver: 7.8.5
    dev: true

  /@babel/helper-globals/8.0.0:
    resolution: {integrity: sha512-lLozHOM6sWWlxNo8CYqHy4MBZeTvHXNgVPBfPOGsjPKUzHC2Az9QwB6gxdQmpwHl6GlQtbGgS+lj5887guDiLw==}
    engines: {node: ^22.18.0 || >=24.11.0}
    dev: true

  /@babel/helper-string-parser/8.0.0:
    resolution: {integrity: sha512-6mJgmFFFIIO82vvoLt9XtRC7/TkzXfts1t/SpRX4IHSzMgqoPYCWesVu1udUPUWioAE/2fcG6WuI8zrkE1gwrg==}
    engines: {node: ^22.18.0 || >=24.11.0}
    dev: true

  /@babel/helper-validator-identifier/8.0.4:
    resolution: {integrity: sha512-4wFaiLd0bVo4cIoTXI3zKI038NIWE/cr3jvBjejOVYVxV/m8Ltav1USiGzG1fmS5J2RhgEOgXNNK46cRPnRsrg==}
    engines: {node: ^22.18.0 || >=24.11.0}
    dev: true

  /@babel/helper-validator-option/8.0.0:
    resolution: {integrity: sha512-U4Dybxh4WESWHt5XhBeExi4DrY0/DNK1aHpQbsrQXCUbFHuMweT0TpLEWKvaraV2Y6fS+ZXunsZ8zIuZIgvF2Q==}
    engines: {node: ^22.18.0 || >=24.11.0}
    dev: true

  /@babel/helpers/8.0.0:
    resolution: {integrity: sha512-wfbi91pM3py96oIiJEz7qIpyXDytgr9zQC1HEWwlGNVRAEmItuU/0a41ZUKu1sJGyhhOIpc4t5vk4PYzt8wpsg==}
    engines: {node: ^22.18.0 || >=24.11.0}
    dependencies:
      '@babel/template': 8.0.0
      '@babel/types': 8.0.4
    dev: true

  /@babel/parser/8.0.4:
    resolution: {integrity: sha512-srpptsAkEbbNIC/q8nT7o+m6CQe8CJUTV/t7MYc9NnWlgYVtHOb7JH6SorxMhN0kuRJjVqXbKClG6xSbPtzz+g==}
    engines: {node: ^22.18.0 || >=24.11.0}
    hasBin: true
    dependencies:
      '@babel/types': 8.0.4
    dev: true

  /@babel/template/8.0.0:
    resolution: {integrity: sha512-eAD0QW/AlbamBbw0FeGiwasbCVPq5ncW0HNVyLP3B9czqLyh4gvw+5JTSNt6le9+ziAU7mqDZsKTHf3jTb4chQ==}
    engines: {node: ^22.18.0 || >=24.11.0}
    dependencies:
      '@babel/code-frame': 8.0.0
      '@babel/parser': 8.0.4
      '@babel/types': 8.0.4
    dev: true

  /@babel/traverse/8.0.4:
    resolution: {integrity: sha512-bZnmqzGG8UZneG1lLxBoWIH0G6Gr1D846Yu4/3XnY6FhCndMR49u26nTY08u/dAxWmLWF9vGQOuC+84FfIUoeg==}
    engines: {node: ^22.18.0 || >=24.11.0}
    dependencies:
      '@babel/code-frame': 8.0.0
      '@babel/generator': 8.0.0
      '@babel/helper-globals': 8.0.0
      '@babel/parser': 8.0.4
      '@babel/template': 8.0.0
      '@babel/types': 8.0.4
      obug: 2.1.4
    dev: true

  /@babel/types/8.0.4:
    resolution: {integrity: sha512-eY+Yn3dCqTGmyiq2QRU66lA5FL8lqqqvecHt0fF3uHONIa7ToYsaCiWV8lOKqAs0Rb2SjixiKFROngnulPtt2g==}
    engines: {node: ^22.18.0 || >=24.11.0}
    dependencies:
      '@babel/helper-string-parser': 8.0.0
      '@babel/helper-validator-identifier': 8.0.4
    dev: true

  /@jest/schemas/30.5.0:
    resolution: {integrity: sha512-/hunigyNpc4RCjC0VaW3f5RCUZVM2+WQ65qP7z083Gmvac7or2LI50XVNOtE4YPgBpV0yxYiAgorAPGniCoJmg==}
    engines: {node: ^18.14.0 || ^20.0.0 || ^22.0.0 || >=24.0.0}
    dependencies:
      '@sinclair/typebox': 0.34.52
    dev: true

  /@jridgewell/gen-mapping/0.3.13:
    resolution: {integrity: sha512-2kkt/7niJ6MgEPxF0bYdQ6etZaA+fQvDcLKckhy1yIQOzaoKjBBjSj63/aLVjYE3qhRt5dvM+uUyfCg6UKCBbA==}
    dependencies:
      '@jridgewell/sourcemap-codec': 1.6.0
      '@jridgewell/trace-mapping': 0.3.31
    dev: true

  /@jridgewell/resolve-uri/3.1.2:
    resolution: {integrity: sha512-bRISgCIjP20/tbWSPWMEi54QVPRZExkuD9lJL+UIxUKtwVJA8wW1Trb1jMs1RFXo1CBTNZ/5hpC9QvmKWdopKw==}
    engines: {node: '>=6.0.0'}
    dev: true

  /@jridgewell/sourcemap-codec/1.6.0:
    resolution: {integrity: sha512-T7jf+5zgsZHwNJ4lvQ7/aezbyk0nNX+zJVWpmHA7VYsEx7a7qr5Rg5IbtJFqkgze5Y2sruq1RUY8Q837Od7iFw==}
    dev: true

  /@jridgewell/trace-mapping/0.3.31:
    resolution: {integrity: sha512-zzNR+SdQSDJzc8joaeP8QQoCQr8NuYx2dIIytl1QeBEZHJ9uW6hebsrYgbz8hJwUQao3TWCMtmfV8Nu1twOLAw==}
    dependencies:
      '@jridgewell/resolve-uri': 3.1.2
      '@jridgewell/sourcemap-codec': 1.6.0
    dev: true

  /@sinclair/typebox/0.34.52:
    resolution: {integrity: sha512-XiMQh7qqVlxZzcVD+kkGMNGMzcTrDMLWI7S4x7z1MkCkbDPrekpZXEUK0eZqZFMuHQg2a2DZOcDIh9o5v3Gonw==}
    dev: true

  /@types/debug/4.1.13:
    resolution: {integrity: sha512-KSVgmQmzMwPlmtljOomayoR89W4FynCAi3E8PPs7vmDVPe84hT+vGPKkJfThkmXs0x0jAaa9U8uW8bbfyS2fWw==}
    dependencies:
      '@types/ms': 2.1.0
    dev: true

  /@types/gensync/1.0.5:
    resolution: {integrity: sha512-MbsRCT7mTikHwKZ0X+LVUTLRrZZRLipTuXEO9qOYO+zmjMVk81axyClMROf6uoPD9MRVu46bx8zoR0Ad9q3NAg==}
    dev: true

  /@types/jsesc/2.5.1:
    resolution: {integrity: sha512-9VN+6yxLOPLOav+7PwjZbxiID2bVaeq0ED4qSQmdQTdjnXJSaCVKTR58t15oqH1H5t8Ng2ZX1SabJVoN9Q34bw==}
    dev: true

  /@types/ms/2.1.0:
    resolution: {integrity: sha512-GsCCIZDE/p3i96vtEqx+7dBUGXrc7zeSK3wwPHIaRThS+9OhWIXRqzs4d6k1SVU8g91DrNRWxWUGhp5KXQb2VA==}
    dev: true

  /ansi-styles/5.2.0:
    resolution: {integrity: sha512-Cxwpt2SfTzTtXcfOlzGEee8O+c+MmUgGrNiBcXnuWxuFJHe6a5Hz7qwhwe5OgaSYI0IJvkLqWX1ASG+cJOkEiA==}
    engines: {node: '>=10'}
    dev: true

  /babel-plugin-tester/12.0.0_@babel+core@8.0.1:
    resolution: {integrity: sha512-V3ZFYmXPV9fm3ArpLHbvh0R5IfwnyFwlvdZ2FFQ49af4seC10U0JDWssjhXInuDDli6hyQsoOybGFSTCovrGyA==}
    engines: {node: ^20.18.0 || ^22.12.0 || >=23.3.0}
    peerDependencies:
      '@babel/core': '>=7.22.0'
    dependencies:
      '@-xun/fs': 2.0.0
      '@babel/core': 8.0.1
      core-js: 3.50.0
      lodash.mergewith: 4.6.2
      prettier: 3.9.6
      pretty-format: 30.5.1
      rejoinder: 2.1.0
      strip-indent~3: /strip-indent/3.0.0
      type-fest: 4.41.0
    dev: true

  /balanced-match/4.0.4:
    resolution: {integrity: sha512-BLrgEcRTwX2o6gGxGOCNyMvGSp35YofuYzw9h1IMTRmKqttAZZVU67bdb9Pr2vUHA8+j3i2tJfjO6C6+4myGTA==}
    engines: {node: 18 || 20 || >=22}
    dev: true

  /baseline-browser-mapping/2.11.21:
    resolution: {integrity: sha512-uh8vpY/1/YyFkunIDFH/12p7/7VdPKA1hejMVEbdkEaWnUz0Hesvx5EbiU6XxjyHZIOju+ZMbQJkRh+es3/spQ==}
    engines: {node: '>=6.0.0'}
    hasBin: true
    dev: true

  /brace-expansion/5.0.9:
    resolution: {integrity: sha512-ScQ4IuvIEF1TMlP7Zt+vjJ//9zlPb2SDcxWxM3bk8s6t6GGdJ7KO1dCcTidOPJKePW30LE/2cT7wCyPho9/Wxg==}
    engines: {node: 20 || >=22}
    dependencies:
      balanced-match: 4.0.4
    dev: true

  /browserslist/4.28.8:
    resolution: {integrity: sha512-V2NpofLblG64mfOtSgDhOJESZEGogzDMBv/q+W6oc4LXWP/q75eOXoOaaOu1EOadB9U4Bwx/e0yzbvwKH8zalA==}
    engines: {node: ^6 || ^7 || ^8 || ^9 || ^10 || ^11 || ^12 || >=13.7}
    hasBin: true
    dependencies:
      baseline-browser-mapping: 2.11.21
      caniuse-lite: 1.0.30001810
      electron-to-chromium: 1.5.420
      node-releases: 2.0.54
      update-browserslist-db: 1.3.2_browserslist@4.28.8
    dev: true

  /caniuse-lite/1.0.30001810:
    resolution: {integrity: sha512-TITQPUkaz+aVk5GL6NhOdwk1aEaNTSDPsGFWrTuhKGtjTF70jL/Oht2W4c6rXUe5fu7Ie19VIahAXHIIiWWNeg==}
    dev: true

  /chalk/5.6.2:
    resolution: {integrity: sha512-7NzBL0rN6fMUW+f7A6Io4h40qQlG+xGmtMxfbnH/K7TAtt8JQWVQK+6g0UXKMeVJoyV5EkkNsErQ8pVD3bLHbA==}
    engines: {node: ^12.17.0 || ^14.13 || >=16.0.0}
    dev: true

  /chokidar/5.0.0:
    resolution: {integrity: sha512-TQMmc3w+5AxjpL8iIiwebF73dRDF4fBIieAqGn9RGCWaEVwQ6Fb2cGe31Yns0RRIzii5goJ1Y7xbMwo1TxMplw==}
    engines: {node: '>= 20.19.0'}
    dependencies:
      readdirp: 5.1.1
    dev: true

  /commander/14.0.3:
    resolution: {integrity: sha512-H+y0Jo/T1RZ9qPP4Eh1pkcQcLRglraJaSLoyOtHxu6AapkjWVCy2Sit1QQ4x3Dng8qDlSsZEet7g5Pq06MvTgw==}
    engines: {node: '>=20'}
    dev: true

  /convert-source-map/2.0.0:
    resolution: {integrity: sha512-Kvp459HrV2FEJ1CAsi1Ku+MY3kasH19TFykTz2xWmMeq6bk2NU3XXvfJ+Q61m0xktWwt+1HSYf3JZsTms3aRJg==}
    dev: true

  /core-js/3.50.0:
    resolution: {integrity: sha512-BRWgOLKkFeCgRudR6zrs8p9XJZcE14grzKMMssoYrk6krtuEZ7MTKPIY5RzOnqsEKIR9kst7wNzphttraT+Yqw==}
    requiresBuild: true
    dev: true

  /debug/4.4.3_supports-color@8.1.1:
    resolution: {integrity: sha512-RGwwWnwQvkVfavKVt22FGLw+xYSdzARwm0ru6DhTVA3umU5hZc28V3kO4stgYryrTlLpuvgI9GiijltAjNbcqA==}
    engines: {node: '>=6.0'}
    peerDependencies:
      supports-color: '*'
    peerDependenciesMeta:
      supports-color:
        optional: true
    dependencies:
      ms: 2.1.3
      supports-color: 8.1.1
    dev: true

  /electron-to-chromium/1.5.420:
    resolution: {integrity: sha512-2yD6XreGusOfNV+dUcvipJEXc3n/n7fgr7996aszTG+YY5E4mqM4tOq/3uhP129cazL9YHbVWSpc79ePotWtPA==}
    dev: true

  /empathic/2.0.1:
    resolution: {integrity: sha512-YGRs8knHhKHVShLkFET/rWAU8kmHbOV5LwN938RHI0pljAJ1Gf6SzXsSmRaEzcXTtOOmVqJ5+WtQPL5uigY50Q==}
    engines: {node: '>=14'}
    dev: true

  /escalade/3.2.0:
    resolution: {integrity: sha512-WUj2qlxaQtO4g6Pq5c29GTcWGDyd8itL8zTlipgECz3JesAiiOKotd8JU6otB3PACgG6xkJUyVhboMS+bje/jA==}
    engines: {node: '>=6'}
    dev: true

  /exit-hook/4.0.0:
    resolution: {integrity: sha512-Fqs7ChZm72y40wKjOFXBKg7nJZvQJmewP5/7LtePDdnah/+FH9Hp5sgMujSCMPXlxOAW2//1jrW9pnsY7o20vQ==}
    engines: {node: '>=18'}
    dev: true

  /gensync/1.0.0-beta.2:
    resolution: {integrity: sha512-3hN7NaskYvMDLQY55gnW3NQ+mesEAepTqlg+VEbj7zzqEMBVNhzcGYYeqFo/TlYz6eQiFcp1HcsCZO+nGgS8zg==}
    engines: {node: '>=6.9.0'}
    dev: true

  /glob/13.0.6:
    resolution: {integrity: sha512-Wjlyrolmm8uDpm/ogGyXZXb1Z+Ca2B8NbJwqBVg0axK9GbBeoS7yGV6vjXnYdGm6X53iehEuxxbyiKp8QmN4Vw==}
    engines: {node: 18 || 20 || >=22}
    dependencies:
      minimatch: 10.2.6
      minipass: 7.1.3
      path-scurry: 2.0.2
    dev: true

  /has-flag/4.0.0:
    resolution: {integrity: sha512-EykJT/Q1KjTWctppgIAgfSO0tKVuZUjhgMr17kqTumMl6Afv3EISleU7qZUzoXDFTAHTDC4NOoG/ZxU3EvlMPQ==}
    engines: {node: '>=8'}
    dev: true

  /import-meta-resolve/4.2.0:
    resolution: {integrity: sha512-Iqv2fzaTQN28s/FwZAoFq0ZSs/7hMAHJVX+w8PZl3cY19Pxk6jFFalxQoIfW2826i/fDLXv8IiEZRIT0lDuWcg==}
    dev: true

  /js-tokens/10.0.0:
    resolution: {integrity: sha512-lM/UBzQmfJRo9ABXbPWemivdCW8V2G8FHaHdypQaIy523snUjog0W71ayWXTjiR+ixeMyVHN2XcpnTd/liPg/Q==}
    dev: true

  /jsesc/3.1.0:
    resolution: {integrity: sha512-/sM3dO2FOzXjKQhJuo0Q173wf2KOo8t4I8vHy6lF9poUp7bKT0/NHE8fPX23PwfhnykfqnC2xRxOnVw5XuGIaA==}
    engines: {node: '>=6'}
    hasBin: true
    dev: true

  /json5/2.2.3:
    resolution: {integrity: sha512-XmOWe7eyHYH14cLdVPoyg+GOH3rYX++KpzrylJwSW98t3Nk+U8XOl8FWKOgwtzdb8lXGf6zYwDUzeHMWfxasyg==}
    engines: {node: '>=6'}
    hasBin: true
    dev: true

  /lodash.mergewith/4.6.2:
    resolution: {integrity: sha512-GK3g5RPZWTRSeLSpgP8Xhra+pnjBC56q9FZYe1d5RN3TJ35dbkGy3YqBSMbyCrlbi+CM9Z3Jk5yTL7RCsqboyQ==}
    dev: true

  /lru-cache/11.5.2:
    resolution: {integrity: sha512-4pfM1Ff0x50o0tQwb5ucw/RzNyD0/YJME6IVcStalZuMWxdt3sR3huStTtxz4PUmvZfRguvDejasvQ2kifR11g==}
    engines: {node: 20 || >=22}
    dev: true

  /min-indent/1.0.1:
    resolution: {integrity: sha512-I9jwMn07Sy/IwOj3zVkVik2JTvgpaykDZEigL6Rx6N9LbMywwUSMtxET+7lVoDLLd3O3IXwJwvuuns8UB/HeAg==}
    engines: {node: '>=4'}
    dev: true

  /minimatch/10.2.6:
    resolution: {integrity: sha512-vpLQEs+VLCr1nU0BXS07maYoFwlDAH0gngQuuttxIwutDFEMHq2blX+8vpgxDdK3J1PwjCJiep77OitTZ4Ll1A==}
    engines: {node: 18 || 20 || >=22}
    dependencies:
      brace-expansion: 5.0.9
    dev: true

  /minipass/7.1.3:
    resolution: {integrity: sha512-tEBHqDnIoM/1rXME1zgka9g6Q2lcoCkxHLuc7ODJ5BxbP5d4c2Z5cGgtXAku59200Cx7diuHTOYfSBD8n6mm8A==}
    engines: {node: '>=16 || 14 >=14.17'}
    dev: true

  /ms/2.1.3:
    resolution: {integrity: sha512-6FlzubTLZG3J2a/NVCAleEhjzq5oxgHyaCU9yYXvcLsvoVaHJq/s5xXI6/XXP6tz7R9xAOtHnSO/tXtF3WRTlA==}
    dev: true

  /node-releases/2.0.54:
    resolution: {integrity: sha512-YHs7BmmcsdAI5Ozuf8JZo6PT0mv2GIWC9vMfvUC3dp65M8hn7Ux8CPL+2oBI7juNuj9d0ndhTcznq2ODBps9cQ==}
    engines: {node: '>=18'}
    dev: true

  /npm-check-updates/23.1.0:
    resolution: {integrity: sha512-u6Odx/JDpDXNqXp5pPsVN0RhuWkNrBe4Sz26J7yWJcEadopKhQgcB+bFq2PK35iJY6vc6h1PbnXmnwfiOFQl/w==}
    engines: {node: ^22.22.2 || ^24.15.0 || >=26.0.0, npm: '>=10.0.0'}
    hasBin: true
    dev: true

  /obug/2.1.4:
    resolution: {integrity: sha512-4a+OsYv9UktOJKE+l1A4OufDgdRF9PifWj+tJnHURo/P+WOxpG4GzUFL9qCalmWauao6ogiG+QvnCovwPoyAWA==}
    engines: {node: '>=12.20.0'}
    dev: true

  /path-scurry/2.0.2:
    resolution: {integrity: sha512-3O/iVVsJAPsOnpwWIeD+d6z/7PmqApyQePUtCndjatj/9I5LylHvt5qluFaBT3I5h3r1ejfR056c+FCv+NnNXg==}
    engines: {node: 18 || 20 || >=22}
    dependencies:
      lru-cache: 11.5.2
      minipass: 7.1.3
    dev: true

  /picocolors/1.1.1:
    resolution: {integrity: sha512-xceH2snhtb5M9liqDsmEw56le376mTZkEX/jEb/RxNFyegNul7eNslCXP9FDj/Lcu0X8KEyMceP2ntpaHrDEVA==}
    dev: true

  /prettier/3.9.6:
    resolution: {integrity: sha512-OpN0zzVdiaiAhxpuuj5efpIS4sY9j7bY6uR5mnj5yPzGkdkjNKSJeUThPb60Jw29QuAZgA4o+/iB49kFiaBX6g==}
    engines: {node: '>=14'}
    hasBin: true
    dev: true

  /pretty-format/30.5.1:
    resolution: {integrity: sha512-byhRAPguVKMQIj4kjJwJ5lAskVhfuiSdiYl/aLTWpgkGEmic2jYhJh1yE9ih8Ox44Xg9ccCT11/S6QrzSJuNrg==}
    engines: {node: ^18.14.0 || ^20.0.0 || ^22.0.0 || >=24.0.0}
    dependencies:
      '@jest/react-is-18': /react-is/18.3.1
      '@jest/react-is-19': /react-is/19.2.8
      '@jest/schemas': 30.5.0
      ansi-styles: 5.2.0
    dev: true

  /react-is/18.3.1:
    resolution: {integrity: sha512-/LLMVyas0ljjAtoYiPqYiL8VWXzUUdThrmU5+n20DZv+a+ClRoevUzw5JxU+Ieh5/c87ytoTBV9G1FiKfNJdmg==}
    dev: true

  /react-is/19.2.8:
    resolution: {integrity: sha512-s5un28nYxKJw5gvUHyW5PCC28CvBqLu9r3cWgzHT4Vo/5fqqkFcdRYsGcKf50WMPpjjFZS5d76fn3YCo2njKwQ==}
    dev: true

  /readdirp/5.1.1:
    resolution: {integrity: sha512-Kko+Y5XQ6fM+Ce3dq3m9YGxnacYZYl9cA1wZjaF3Vbry2L3i1qVg8+CAgNPsXRArPMUMCaOR7oa9Nqntc43JKA==}
    engines: {node: '>= 20.19.0'}
    dev: true

  /rejoinder/2.1.0:
    resolution: {integrity: sha512-dLN0+SBPutC6bVFCH2+1o2VrHrvAj/PX6MzTemeaEKlCL10JKPMRlqszkitLQnHVgm90QQ94wxoBJRgfIEkstg==}
    engines: {node: ^20.18.0 || ^22.12.0 || >=23.3.0}
    dependencies:
      '@-xun/debug': 2.0.2
      chalk: 5.6.2
      core-js: 3.50.0
      exit-hook: 4.0.0
    dev: true

  /semver/7.8.5:
    resolution: {integrity: sha512-Y7/KDsb8LjooZpwaqGyulO6DQlksgCncchHGk+sZIY4SBvUocMBEFH5Ur1fI4dV+Jvl0w6cjvucaIi40puRioA==}
    engines: {node: '>=10'}
    hasBin: true
    dev: true

  /slash/5.1.0:
    resolution: {integrity: sha512-ZA6oR3T/pEyuqwMgAKT0/hAv8oAXckzbkmR0UkUosQ+Mc4RxGoJkRmwHgHufaenlyAgE1Mxgpdcrf75y6XcnDg==}
    engines: {node: '>=14.16'}
    dev: true

  /strip-indent/3.0.0:
    resolution: {integrity: sha512-laJTa3Jb+VQpaC6DseHhF7dXVqHTfJPCRDaEbid/drOhgitgYku/letMUqOXFoWV0zIIUbjpdH2t+tYj4bQMRQ==}
    engines: {node: '>=8'}
    dependencies:
      min-indent: 1.0.1
    dev: true

  /supports-color/8.1.1:
    resolution: {integrity: sha512-MpUEN2OodtUzxvKQl72cUF7RQ5EiHsGvSsVG0ia9c5RbWGL2CI4C7EpPS8UTBIplnlzZiNuV56w+FuNxy3ty2Q==}
    engines: {node: '>=10'}
    dependencies:
      has-flag: 4.0.0
    dev: true

  /type-fest/4.41.0:
    resolution: {integrity: sha512-TeTSQ6H5YHvpqVwBRcnLDCBnDOHWYu7IvGbHT6N8AOymcr9PJGjc1GTtiWZTYg0NCgYwvnYWEkVChQAr9bjfwA==}
    engines: {node: '>=16'}
    dev: true

  /update-browserslist-db/1.3.2_browserslist@4.28.8:
    resolution: {integrity: sha512-UQ+MSxlhRm1bzjhU+DcuXfjFO1FzNtqhK5+9Yvlp90ItDLk5vT932A0rFu619nf7RVS+Y/VeaUW1jaRDqZ8VJw==}
    hasBin: true
    peerDependencies:
      browserslist: '>= 4.21.0'
    dependencies:
      browserslist: 4.28.8
      escalade: 3.2.0
      picocolors: 1.1.1
    dev: true
